
Microsoft Visual Studio Solution File, Format Version 12.00
# Visual Studio Express 2013 for Windows Desktop
VisualStudioVersion = 12.0.30723.0
MinimumVisualStudioVersion = 10.0.40219.1
Project("{FAE04EC0-301F-11D3-BF4B-00C04F79EFBC}") = "Rapidinho", "Rapidinho\Rapidinho\Rapidinho.csproj", "{BEB63E79-579F-49EE-A0F0-F172B5A10E5B}"
EndProject
Project("{96E2B04D-8817-42C6-938A-82C39BA4D311}") = "RapidinhoContent", "Rapidinho\RapidinhoContent\RapidinhoContent.contentproj", "{B3875512-2D9D-4B5E-8BBD-7F23FA30FCE5}"
EndProject
Global
	GlobalSection(SolutionConfigurationPlatforms) = preSolution
		Debug|x86 = Debug|x86
		Release|x86 = Release|x86
	EndGlobalSection
	GlobalSection(ProjectConfigurationPlatforms) = postSolution
		{BEB63E79-579F-49EE-A0F0-F172B5A10E5B}.Debug|x86.ActiveCfg = Debug|x86
		{BEB63E79-579F-49EE-A0F0-F172B5A10E5B}.Debug|x86.Build.0 = Debug|x86
		{BEB63E79-579F-49EE-A0F0-F172B5A10E5B}.Release|x86.ActiveCfg = Release|x86
		{BEB63E79-579F-49EE-A0F0-F172B5A10E5B}.Release|x86.Build.0 = Release|x86
		{B3875512-2D9D-4B5E-8BBD-7F23FA30FCE5}.Debug|x86.ActiveCfg = Debug|x86
		{B3875512-2D9D-4B5E-8BBD-7F23FA30FCE5}.Release|x86.ActiveCfg = Release|x86
	EndGlobalSection
	GlobalSection(SolutionProperties) = preSolution
		HideSolutionNode = FALSE
	EndGlobalSection
EndGlobal
